
Microsoft Visual Studio Solution File, Format Version 12.00
# Visual Studio Version 17
VisualStudioVersion = 17.13.35931.197 d17.13
MinimumVisualStudioVersion = 10.0.40219.1
Project("{FAE04EC0-301F-11D3-BF4B-00C04F79EFBC}") = "HelpdeskSystem", "HelpdeskSystem\HelpdeskSystem.csproj", "{7F6BA06F-7892-457A-B719-14C206B8DCD3}"
EndProject
Global
	GlobalSection(SolutionConfigurationPlatforms) = preSolution
		Debug|Any CPU = Debug|Any CPU
		Release|Any CPU = Release|Any CPU
	EndGlobalSection
	GlobalSection(ProjectConfigurationPlatforms) = postSolution
		{7F6BA06F-7892-457A-B719-14C206B8DCD3}.Debug|Any CPU.ActiveCfg = Debug|Any CPU
		{7F6BA06F-7892-457A-B719-14C206B8DCD3}.Debug|Any CPU.Build.0 = Debug|Any CPU
		{7F6BA06F-7892-457A-B719-14C206B8DCD3}.Release|Any CPU.ActiveCfg = Release|Any CPU
		{7F6BA06F-7892-457A-B719-14C206B8DCD3}.Release|Any CPU.Build.0 = Release|Any CPU
	EndGlobalSection
	GlobalSection(SolutionProperties) = preSolution
		HideSolutionNode = FALSE
	EndGlobalSection
	GlobalSection(ExtensibilityGlobals) = postSolution
		SolutionGuid = {7EC2CE67-3720-4AC4-A18F-E4C5F335922D}
	EndGlobalSection
EndGlobal
